// !$*UTF8*$!
{
	archiveVersion = 1;
	classes = {
	};
	objectVersion = 56;
	objects = {

/* Begin PBXBuildFile section */
		9D0F1E342B8CF230002B7F15 /* cathay_managerApp.swift in Sources */ = {isa = PBXBuildFile; fileRef = 9D0F1E332B8CF230002B7F15 /* cathay_managerApp.swift */; };
		9D0F1E362B8CF230002B7F15 /* ContentView.swift in Sources */ = {isa = PBXBuildFile; fileRef = 9D0F1E352B8CF230002B7F15 /* ContentView.swift */; };
		9D0F1E382B8CF232002B7F15 /* Assets.xcassets in Resources */ = {isa = PBXBuildFile; fileRef = 9D0F1E372B8CF232002B7F15 /* Assets.xcassets */; };
		9D0F1E3B2B8CF232002B7F15 /* Preview Assets.xcassets in Resources */ = {isa = PBXBuildFile; fileRef = 9D0F1E3A2B8CF232002B7F15 /* Preview Assets.xcassets */; };
		9D0F1E452B8CF232002B7F15 /* cathay_managerTests.swift in Sources */ = {isa = PBXBuildFile; fileRef = 9D0F1E442B8CF232002B7F15 /* cathay_managerTests.swift */; };
		9D0F1E4F2B8CF232002B7F15 /* cathay_managerUITests.swift in Sources */ = {isa = PBXBuildFile; fileRef = 9D0F1E4E2B8CF232002B7F15 /* cathay_managerUITests.swift */; };
		9D0F1E512B8CF232002B7F15 /* cathay_managerUITestsLaunchTests.swift in Sources */ = {isa = PBXBuildFile; fileRef = 9D0F1E502B8CF232002B7F15 /* cathay_managerUITestsLaunchTests.swift */; };
		9D0F1E5E2B8DA145002B7F15 /* WelcomeView.swift in Sources */ = {isa = PBXBuildFile; fileRef = 9D0F1E5D2B8DA145002B7F15 /* WelcomeView.swift */; };
		9D0F1E612B8DA5B8002B7F15 /* ComposableArchitecture in Frameworks */ = {isa = PBXBuildFile; productRef = 9D0F1E602B8DA5B8002B7F15 /* ComposableArchitecture */; };
		9D0F1E632B8DAD0E002B7F15 /* LoginView.swift in Sources */ = {isa = PBXBuildFile; fileRef = 9D0F1E622B8DAD0E002B7F15 /* LoginView.swift */; };
		9D0F1E662B8DADDB002B7F15 /* LoginState.swift in Sources */ = {isa = PBXBuildFile; fileRef = 9D0F1E652B8DADDB002B7F15 /* LoginState.swift */; };
		9D0F1E682B8DADF6002B7F15 /* LoginAction.swift in Sources */ = {isa = PBXBuildFile; fileRef = 9D0F1E672B8DADF6002B7F15 /* LoginAction.swift */; };
		9D0F1E6C2B8DAEC7002B7F15 /* LoginReducer.swift in Sources */ = {isa = PBXBuildFile; fileRef = 9D0F1E6B2B8DAEC7002B7F15 /* LoginReducer.swift */; };
		9D1958C12B8DBE19001C21D1 /* CathayColor.swift in Sources */ = {isa = PBXBuildFile; fileRef = 9D1958C02B8DBE19001C21D1 /* CathayColor.swift */; };
		9D1958C32B8DBF5E001C21D1 /* Color+Hex.swift in Sources */ = {isa = PBXBuildFile; fileRef = 9D1958C22B8DBF5E001C21D1 /* Color+Hex.swift */; };
/* End PBXBuildFile section */

/* Begin PBXContainerItemProxy section */
		9D0F1E412B8CF232002B7F15 /* PBXContainerItemProxy */ = {
			isa = PBXContainerItemProxy;
			containerPortal = 9D0F1E282B8CF230002B7F15 /* Project object */;
			proxyType = 1;
			remoteGlobalIDString = 9D0F1E2F2B8CF230002B7F15;
			remoteInfo = cathay_manager;
		};
		9D0F1E4B2B8CF232002B7F15 /* PBXContainerItemProxy */ = {
			isa = PBXContainerItemProxy;
			containerPortal = 9D0F1E282B8CF230002B7F15 /* Project object */;
			proxyType = 1;
			remoteGlobalIDString = 9D0F1E2F2B8CF230002B7F15;
			remoteInfo = cathay_manager;
		};
/* End PBXContainerItemProxy section */

/* Begin PBXFileReference section */
		9D0F1E302B8CF230002B7F15 /* cathay_manager.app */ = {isa = PBXFileReference; explicitFileType = wrapper.application; includeInIndex = 0; path = cathay_manager.app; sourceTree = BUILT_PRODUCTS_DIR; };
		9D0F1E332B8CF230002B7F15 /* cathay_managerApp.swift */ = {isa = PBXFileReference; lastKnownFileType = sourcecode.swift; path = cathay_managerApp.swift; sourceTree = "<group>"; };
		9D0F1E352B8CF230002B7F15 /* ContentView.swift */ = {isa = PBXFileReference; lastKnownFileType = sourcecode.swift; path = ContentView.swift; sourceTree = "<group>"; };
		9D0F1E372B8CF232002B7F15 /* Assets.xcassets */ = {isa = PBXFileReference; lastKnownFileType = folder.assetcatalog; path = Assets.xcassets; sourceTree = "<group>"; };
		9D0F1E3A2B8CF232002B7F15 /* Preview Assets.xcassets */ = {isa = PBXFileReference; lastKnownFileType = folder.assetcatalog; path = "Preview Assets.xcassets"; sourceTree = "<group>"; };
		9D0F1E402B8CF232002B7F15 /* cathay_managerTests.xctest */ = {isa = PBXFileReference; explicitFileType = wrapper.cfbundle; includeInIndex = 0; path = cathay_managerTests.xctest; sourceTree = BUILT_PRODUCTS_DIR; };
		9D0F1E442B8CF232002B7F15 /* cathay_managerTests.swift */ = {isa = PBXFileReference; lastKnownFileType = sourcecode.swift; path = cathay_managerTests.swift; sourceTree = "<group>"; };
		9D0F1E4A2B8CF232002B7F15 /* cathay_managerUITests.xctest */ = {isa = PBXFileReference; explicitFileType = wrapper.cfbundle; includeInIndex = 0; path = cathay_managerUITests.xctest; sourceTree = BUILT_PRODUCTS_DIR; };
		9D0F1E4E2B8CF232002B7F15 /* cathay_managerUITests.swift */ = {isa = PBXFileReference; lastKnownFileType = sourcecode.swift; path = cathay_managerUITests.swift; sourceTree = "<group>"; };
		9D0F1E502B8CF232002B7F15 /* cathay_managerUITestsLaunchTests.swift */ = {isa = PBXFileReference; lastKnownFileType = sourcecode.swift; path = cathay_managerUITestsLaunchTests.swift; sourceTree = "<group>"; };
		9D0F1E5D2B8DA145002B7F15 /* WelcomeView.swift */ = {isa = PBXFileReference; lastKnownFileType = sourcecode.swift; path = WelcomeView.swift; sourceTree = "<group>"; };
		9D0F1E622B8DAD0E002B7F15 /* LoginView.swift */ = {isa = PBXFileReference; lastKnownFileType = sourcecode.swift; path = LoginView.swift; sourceTree = "<group>"; };
		9D0F1E652B8DADDB002B7F15 /* LoginState.swift */ = {isa = PBXFileReference; lastKnownFileType = sourcecode.swift; path = LoginState.swift; sourceTree = "<group>"; };
		9D0F1E672B8DADF6002B7F15 /* LoginAction.swift */ = {isa = PBXFileReference; lastKnownFileType = sourcecode.swift; path = LoginAction.swift; sourceTree = "<group>"; };
		9D0F1E6B2B8DAEC7002B7F15 /* LoginReducer.swift */ = {isa = PBXFileReference; lastKnownFileType = sourcecode.swift; path = LoginReducer.swift; sourceTree = "<group>"; };
		9D1958C02B8DBE19001C21D1 /* CathayColor.swift */ = {isa = PBXFileReference; lastKnownFileType = sourcecode.swift; path = CathayColor.swift; sourceTree = "<group>"; };
		9D1958C22B8DBF5E001C21D1 /* Color+Hex.swift */ = {isa = PBXFileReference; lastKnownFileType = sourcecode.swift; path = "Color+Hex.swift"; sourceTree = "<group>"; };
/* End PBXFileReference section */

/* Begin PBXFrameworksBuildPhase section */
		9D0F1E2D2B8CF230002B7F15 /* Frameworks */ = {
			isa = PBXFrameworksBuildPhase;
			buildActionMask = 2147483647;
			files = (
				9D0F1E612B8DA5B8002B7F15 /* ComposableArchitecture in Frameworks */,
			);
			runOnlyForDeploymentPostprocessing = 0;
		};
		9D0F1E3D2B8CF232002B7F15 /* Frameworks */ = {
			isa = PBXFrameworksBuildPhase;
			buildActionMask = 2147483647;
			files = (
			);
			runOnlyForDeploymentPostprocessing = 0;
		};
		9D0F1E472B8CF232002B7F15 /* Frameworks */ = {
			isa = PBXFrameworksBuildPhase;
			buildActionMask = 2147483647;
			files = (
			);
			runOnlyForDeploymentPostprocessing = 0;
		};
/* End PBXFrameworksBuildPhase section */

/* Begin PBXGroup section */
		9D0F1E272B8CF230002B7F15 = {
			isa = PBXGroup;
			children = (
				9D0F1E322B8CF230002B7F15 /* cathay_manager */,
				9D0F1E432B8CF232002B7F15 /* cathay_managerTests */,
				9D0F1E4D2B8CF232002B7F15 /* cathay_managerUITests */,
				9D0F1E312B8CF230002B7F15 /* Products */,
			);
			sourceTree = "<group>";
		};
		9D0F1E312B8CF230002B7F15 /* Products */ = {
			isa = PBXGroup;
			children = (
				9D0F1E302B8CF230002B7F15 /* cathay_manager.app */,
				9D0F1E402B8CF232002B7F15 /* cathay_managerTests.xctest */,
				9D0F1E4A2B8CF232002B7F15 /* cathay_managerUITests.xctest */,
			);
			name = Products;
			sourceTree = "<group>";
		};
		9D0F1E322B8CF230002B7F15 /* cathay_manager */ = {
			isa = PBXGroup;
			children = (
				9D0F1E332B8CF230002B7F15 /* cathay_managerApp.swift */,
				9D0F1E352B8CF230002B7F15 /* ContentView.swift */,
				9D0F1E5D2B8DA145002B7F15 /* WelcomeView.swift */,
				9D1958C02B8DBE19001C21D1 /* CathayColor.swift */,
				9D1958C22B8DBF5E001C21D1 /* Color+Hex.swift */,
				9D0F1E642B8DADB8002B7F15 /* Login */,
				9D0F1E372B8CF232002B7F15 /* Assets.xcassets */,
				9D0F1E392B8CF232002B7F15 /* Preview Content */,
			);
			path = cathay_manager;
			sourceTree = "<group>";
		};
		9D0F1E392B8CF232002B7F15 /* Preview Content */ = {
			isa = PBXGroup;
			children = (
				9D0F1E3A2B8CF232002B7F15 /* Preview Assets.xcassets */,
			);
			path = "Preview Content";
			sourceTree = "<group>";
		};
		9D0F1E432B8CF232002B7F15 /* cathay_managerTests */ = {
			isa = PBXGroup;
			children = (
				9D0F1E442B8CF232002B7F15 /* cathay_managerTests.swift */,
			);
			path = cathay_managerTests;
			sourceTree = "<group>";
		};
		9D0F1E4D2B8CF232002B7F15 /* cathay_managerUITests */ = {
			isa = PBXGroup;
			children = (
				9D0F1E4E2B8CF232002B7F15 /* cathay_managerUITests.swift */,
				9D0F1E502B8CF232002B7F15 /* cathay_managerUITestsLaunchTests.swift */,
			);
			path = cathay_managerUITests;
			sourceTree = "<group>";
		};
		9D0F1E642B8DADB8002B7F15 /* Login */ = {
			isa = PBXGroup;
			children = (
				9D0F1E622B8DAD0E002B7F15 /* LoginView.swift */,
				9D0F1E6B2B8DAEC7002B7F15 /* LoginReducer.swift */,
				9D0F1E652B8DADDB002B7F15 /* LoginState.swift */,
				9D0F1E672B8DADF6002B7F15 /* LoginAction.swift */,
			);
			path = Login;
			sourceTree = "<group>";
		};
/* End PBXGroup section */

/* Begin PBXNativeTarget section */
		9D0F1E2F2B8CF230002B7F15 /* cathay_manager */ = {
			isa = PBXNativeTarget;
			buildConfigurationList = 9D0F1E542B8CF232002B7F15 /* Build configuration list for PBXNativeTarget "cathay_manager" */;
			buildPhases = (
				9D0F1E2C2B8CF230002B7F15 /* Sources */,
				9D0F1E2D2B8CF230002B7F15 /* Frameworks */,
				9D0F1E2E2B8CF230002B7F15 /* Resources */,
			);
			buildRules = (
			);
			dependencies = (
			);
			name = cathay_manager;
			packageProductDependencies = (
				9D0F1E602B8DA5B8002B7F15 /* ComposableArchitecture */,
			);
			productName = cathay_manager;
			productReference = 9D0F1E302B8CF230002B7F15 /* cathay_manager.app */;
			productType = "com.apple.product-type.application";
		};
		9D0F1E3F2B8CF232002B7F15 /* cathay_managerTests */ = {
			isa = PBXNativeTarget;
			buildConfigurationList = 9D0F1E572B8CF232002B7F15 /* Build configuration list for PBXNativeTarget "cathay_managerTests" */;
			buildPhases = (
				9D0F1E3C2B8CF232002B7F15 /* Sources */,
				9D0F1E3D2B8CF232002B7F15 /* Frameworks */,
				9D0F1E3E2B8CF232002B7F15 /* Resources */,
			);
			buildRules = (
			);
			dependencies = (
				9D0F1E422B8CF232002B7F15 /* PBXTargetDependency */,
			);
			name = cathay_managerTests;
			productName = cathay_managerTests;
			productReference = 9D0F1E402B8CF232002B7F15 /* cathay_managerTests.xctest */;
			productType = "com.apple.product-type.bundle.unit-test";
		};
		9D0F1E492B8CF232002B7F15 /* cathay_managerUITests */ = {
			isa = PBXNativeTarget;
			buildConfigurationList = 9D0F1E5A2B8CF232002B7F15 /* Build configuration list for PBXNativeTarget "cathay_managerUITests" */;
			buildPhases = (
				9D0F1E462B8CF232002B7F15 /* Sources */,
				9D0F1E472B8CF232002B7F15 /* Frameworks */,
				9D0F1E482B8CF232002B7F15 /* Resources */,
			);
			buildRules = (
			);
			dependencies = (
				9D0F1E4C2B8CF232002B7F15 /* PBXTargetDependency */,
			);
			name = cathay_managerUITests;
			productName = cathay_managerUITests;
			productReference = 9D0F1E4A2B8CF232002B7F15 /* cathay_managerUITests.xctest */;
			productType = "com.apple.product-type.bundle.ui-testing";
		};
/* End PBXNativeTarget section */

/* Begin PBXProject section */
		9D0F1E282B8CF230002B7F15 /* Project object */ = {
			isa = PBXProject;
			attributes = {
				BuildIndependentTargetsInParallel = 1;
				LastSwiftUpdateCheck = 1520;
				LastUpgradeCheck = 1520;
				TargetAttributes = {
					9D0F1E2F2B8CF230002B7F15 = {
						CreatedOnToolsVersion = 15.2;
					};
					9D0F1E3F2B8CF232002B7F15 = {
						CreatedOnToolsVersion = 15.2;
						TestTargetID = 9D0F1E2F2B8CF230002B7F15;
					};
					9D0F1E492B8CF232002B7F15 = {
						CreatedOnToolsVersion = 15.2;
						TestTargetID = 9D0F1E2F2B8CF230002B7F15;
					};
				};
			};
			buildConfigurationList = 9D0F1E2B2B8CF230002B7F15 /* Build configuration list for PBXProject "cathay_manager" */;
			compatibilityVersion = "Xcode 14.0";
			developmentRegion = en;
			hasScannedForEncodings = 0;
			knownRegions = (
				en,
				Base,
			);
			mainGroup = 9D0F1E272B8CF230002B7F15;
			packageReferences = (
				9D0F1E5F2B8DA5B8002B7F15 /* XCRemoteSwiftPackageReference "swift-composable-architecture" */,
			);
			productRefGroup = 9D0F1E312B8CF230002B7F15 /* Products */;
			projectDirPath = "";
			projectRoot = "";
			targets = (
				9D0F1E2F2B8CF230002B7F15 /* cathay_manager */,
				9D0F1E3F2B8CF232002B7F15 /* cathay_managerTests */,
				9D0F1E492B8CF232002B7F15 /* cathay_managerUITests */,
			);
		};
/* End PBXProject section */

/* Begin PBXResourcesBuildPhase section */
		9D0F1E2E2B8CF230002B7F15 /* Resources */ = {
			isa = PBXResourcesBuildPhase;
			buildActionMask = 2147483647;
			files = (
				9D0F1E3B2B8CF232002B7F15 /* Preview Assets.xcassets in Resources */,
				9D0F1E382B8CF232002B7F15 /* Assets.xcassets in Resources */,
			);
			runOnlyForDeploymentPostprocessing = 0;
		};
		9D0F1E3E2B8CF232002B7F15 /* Resources */ = {
			isa = PBXResourcesBuildPhase;
			buildActionMask = 2147483647;
			files = (
			);
			runOnlyForDeploymentPostprocessing = 0;
		};
		9D0F1E482B8CF232002B7F15 /* Resources */ = {
			isa = PBXResourcesBuildPhase;
			buildActionMask = 2147483647;
			files = (
			);
			runOnlyForDeploymentPostprocessing = 0;
		};
/* End PBXResourcesBuildPhase section */

/* Begin PBXSourcesBuildPhase section */
		9D0F1E2C2B8CF230002B7F15 /* Sources */ = {
			isa = PBXSourcesBuildPhase;
			buildActionMask = 2147483647;
			files = (
				9D0F1E6C2B8DAEC7002B7F15 /* LoginReducer.swift in Sources */,
				9D0F1E662B8DADDB002B7F15 /* LoginState.swift in Sources */,
				9D0F1E362B8CF230002B7F15 /* ContentView.swift in Sources */,
				9D0F1E5E2B8DA145002B7F15 /* WelcomeView.swift in Sources */,
				9D0F1E632B8DAD0E002B7F15 /* LoginView.swift in Sources */,
				9D1958C12B8DBE19001C21D1 /* CathayColor.swift in Sources */,
				9D0F1E342B8CF230002B7F15 /* cathay_managerApp.swift in Sources */,
				9D0F1E682B8DADF6002B7F15 /* LoginAction.swift in Sources */,
				9D1958C32B8DBF5E001C21D1 /* Color+Hex.swift in Sources */,
			);
			runOnlyForDeploymentPostprocessing = 0;
		};
		9D0F1E3C2B8CF232002B7F15 /* Sources */ = {
			isa = PBXSourcesBuildPhase;
			buildActionMask = 2147483647;
			files = (
				9D0F1E452B8CF232002B7F15 /* cathay_managerTests.swift in Sources */,
			);
			runOnlyForDeploymentPostprocessing = 0;
		};
		9D0F1E462B8CF232002B7F15 /* Sources */ = {
			isa = PBXSourcesBuildPhase;
			buildActionMask = 2147483647;
			files = (
				9D0F1E512B8CF232002B7F15 /* cathay_managerUITestsLaunchTests.swift in Sources */,
				9D0F1E4F2B8CF232002B7F15 /* cathay_managerUITests.swift in Sources */,
			);
			runOnlyForDeploymentPostprocessing = 0;
		};
/* End PBXSourcesBuildPhase section */

/* Begin PBXTargetDependency section */
		9D0F1E422B8CF232002B7F15 /* PBXTargetDependency */ = {
			isa = PBXTargetDependency;
			target = 9D0F1E2F2B8CF230002B7F15 /* cathay_manager */;
			targetProxy = 9D0F1E412B8CF232002B7F15 /* PBXContainerItemProxy */;
		};
		9D0F1E4C2B8CF232002B7F15 /* PBXTargetDependency */ = {
			isa = PBXTargetDependency;
			target = 9D0F1E2F2B8CF230002B7F15 /* cathay_manager */;
			targetProxy = 9D0F1E4B2B8CF232002B7F15 /* PBXContainerItemProxy */;
		};
/* End PBXTargetDependency section */

/* Begin XCBuildConfiguration section */
		9D0F1E522B8CF232002B7F15 /* Debug */ = {
			isa = XCBuildConfiguration;
			buildSettings = {
				ALWAYS_SEARCH_USER_PATHS = NO;
				ASSETCATALOG_COMPILER_GENERATE_SWIFT_ASSET_SYMBOL_EXTENSIONS = YES;
				CLANG_ANALYZER_NONNULL = YES;
				CLANG_ANALYZER_NUMBER_OBJECT_CONVERSION = YES_AGGRESSIVE;
				CLANG_CXX_LANGUAGE_STANDARD = "gnu++20";
				CLANG_ENABLE_MODULES = YES;
				CLANG_ENABLE_OBJC_ARC = YES;
				CLANG_ENABLE_OBJC_WEAK = YES;
				CLANG_WARN_BLOCK_CAPTURE_AUTORELEASING = YES;
				CLANG_WARN_BOOL_CONVERSION = YES;
				CLANG_WARN_COMMA = YES;
				CLANG_WARN_CONSTANT_CONVERSION = YES;
				CLANG_WARN_DEPRECATED_OBJC_IMPLEMENTATIONS = YES;
				CLANG_WARN_DIRECT_OBJC_ISA_USAGE = YES_ERROR;
				CLANG_WARN_DOCUMENTATION_COMMENTS = YES;
				CLANG_WARN_EMPTY_BODY = YES;
				CLANG_WARN_ENUM_CONVERSION = YES;
				CLANG_WARN_INFINITE_RECURSION = YES;
				CLANG_WARN_INT_CONVERSION = YES;
				CLANG_WARN_NON_LITERAL_NULL_CONVERSION = YES;
				CLANG_WARN_OBJC_IMPLICIT_RETAIN_SELF = YES;
				CLANG_WARN_OBJC_LITERAL_CONVERSION = YES;
				CLANG_WARN_OBJC_ROOT_CLASS = YES_ERROR;
				CLANG_WARN_QUOTED_INCLUDE_IN_FRAMEWORK_HEADER = YES;
				CLANG_WARN_RANGE_LOOP_ANALYSIS = YES;
				CLANG_WARN_STRICT_PROTOTYPES = YES;
				CLANG_WARN_SUSPICIOUS_MOVE = YES;
				CLANG_WARN_UNGUARDED_AVAILABILITY = YES_AGGRESSIVE;
				CLANG_WARN_UNREACHABLE_CODE = YES;
				CLANG_WARN__DUPLICATE_METHOD_MATCH = YES;
				COPY_PHASE_STRIP = NO;
				DEBUG_INFORMATION_FORMAT = dwarf;
				ENABLE_STRICT_OBJC_MSGSEND = YES;
				ENABLE_TESTABILITY = YES;
				ENABLE_USER_SCRIPT_SANDBOXING = YES;
				GCC_C_LANGUAGE_STANDARD = gnu17;
				GCC_DYNAMIC_NO_PIC = NO;
				GCC_NO_COMMON_BLOCKS = YES;
				GCC_OPTIMIZATION_LEVEL = 0;
				GCC_PREPROCESSOR_DEFINITIONS = (
					"DEBUG=1",
					"$(inherited)",
				);
				GCC_WARN_64_TO_32_BIT_CONVERSION = YES;
				GCC_WARN_ABOUT_RETURN_TYPE = YES_ERROR;
				GCC_WARN_UNDECLARED_SELECTOR = YES;
				GCC_WARN_UNINITIALIZED_AUTOS = YES_AGGRESSIVE;
				GCC_WARN_UNUSED_FUNCTION = YES;
				GCC_WARN_UNUSED_VARIABLE = YES;
				IPHONEOS_DEPLOYMENT_TARGET = 17.2;
				LOCALIZATION_PREFERS_STRING_CATALOGS = YES;
				MTL_ENABLE_DEBUG_INFO = INCLUDE_SOURCE;
				MTL_FAST_MATH = YES;
				ONLY_ACTIVE_ARCH = YES;
				SDKROOT = iphoneos;
				SWIFT_ACTIVE_COMPILATION_CONDITIONS = "DEBUG $(inherited)";
				SWIFT_OPTIMIZATION_LEVEL = "-Onone";
			};
			name = Debug;
		};
		9D0F1E532B8CF232002B7F15 /* Release */ = {
			isa = XCBuildConfiguration;
			buildSettings = {
				ALWAYS_SEARCH_USER_PATHS = NO;
				ASSETCATALOG_COMPILER_GENERATE_SWIFT_ASSET_SYMBOL_EXTENSIONS = YES;
				CLANG_ANALYZER_NONNULL = YES;
				CLANG_ANALYZER_NUMBER_OBJECT_CONVERSION = YES_AGGRESSIVE;
				CLANG_CXX_LANGUAGE_STANDARD = "gnu++20";
				CLANG_ENABLE_MODULES = YES;
				CLANG_ENABLE_OBJC_ARC = YES;
				CLANG_ENABLE_OBJC_WEAK = YES;
				CLANG_WARN_BLOCK_CAPTURE_AUTORELEASING = YES;
				CLANG_WARN_BOOL_CONVERSION = YES;
				CLANG_WARN_COMMA = YES;
				CLANG_WARN_CONSTANT_CONVERSION = YES;
				CLANG_WARN_DEPRECATED_OBJC_IMPLEMENTATIONS = YES;
				CLANG_WARN_DIRECT_OBJC_ISA_USAGE = YES_ERROR;
				CLANG_WARN_DOCUMENTATION_COMMENTS = YES;
				CLANG_WARN_EMPTY_BODY = YES;
				CLANG_WARN_ENUM_CONVERSION = YES;
				CLANG_WARN_INFINITE_RECURSION = YES;
				CLANG_WARN_INT_CONVERSION = YES;
				CLANG_WARN_NON_LITERAL_NULL_CONVERSION = YES;
				CLANG_WARN_OBJC_IMPLICIT_RETAIN_SELF = YES;
				CLANG_WARN_OBJC_LITERAL_CONVERSION = YES;
				CLANG_WARN_OBJC_ROOT_CLASS = YES_ERROR;
				CLANG_WARN_QUOTED_INCLUDE_IN_FRAMEWORK_HEADER = YES;
				CLANG_WARN_RANGE_LOOP_ANALYSIS = YES;
				CLANG_WARN_STRICT_PROTOTYPES = YES;
				CLANG_WARN_SUSPICIOUS_MOVE = YES;
				CLANG_WARN_UNGUARDED_AVAILABILITY = YES_AGGRESSIVE;
				CLANG_WARN_UNREACHABLE_CODE = YES;
				CLANG_WARN__DUPLICATE_METHOD_MATCH = YES;
				COPY_PHASE_STRIP = NO;
				DEBUG_INFORMATION_FORMAT = "dwarf-with-dsym";
				ENABLE_NS_ASSERTIONS = NO;
				ENABLE_STRICT_OBJC_MSGSEND = YES;
				ENABLE_USER_SCRIPT_SANDBOXING = YES;
				GCC_C_LANGUAGE_STANDARD = gnu17;
				GCC_NO_COMMON_BLOCKS = YES;
				GCC_WARN_64_TO_32_BIT_CONVERSION = YES;
				GCC_WARN_ABOUT_RETURN_TYPE = YES_ERROR;
				GCC_WARN_UNDECLARED_SELECTOR = YES;
				GCC_WARN_UNINITIALIZED_AUTOS = YES_AGGRESSIVE;
				GCC_WARN_UNUSED_FUNCTION = YES;
				GCC_WARN_UNUSED_VARIABLE = YES;
				IPHONEOS_DEPLOYMENT_TARGET = 17.2;
				LOCALIZATION_PREFERS_STRING_CATALOGS = YES;
				MTL_ENABLE_DEBUG_INFO = NO;
				MTL_FAST_MATH = YES;
				SDKROOT = iphoneos;
				SWIFT_COMPILATION_MODE = wholemodule;
				VALIDATE_PRODUCT = YES;
			};
			name = Release;
		};
		9D0F1E552B8CF232002B7F15 /* Debug */ = {
			isa = XCBuildConfiguration;
			buildSettings = {
				ASSETCATALOG_COMPILER_APPICON_NAME = AppIcon;
				ASSETCATALOG_COMPILER_GLOBAL_ACCENT_COLOR_NAME = AccentColor;
				CODE_SIGN_STYLE = Automatic;
				CURRENT_PROJECT_VERSION = 1;
				DEVELOPMENT_ASSET_PATHS = "\"cathay_manager/Preview Content\"";
				DEVELOPMENT_TEAM = KU48Y2UB6V;
				ENABLE_PREVIEWS = YES;
				GENERATE_INFOPLIST_FILE = YES;
				INFOPLIST_KEY_UIApplicationSceneManifest_Generation = YES;
				INFOPLIST_KEY_UIApplicationSupportsIndirectInputEvents = YES;
				INFOPLIST_KEY_UILaunchScreen_Generation = YES;
				INFOPLIST_KEY_UISupportedInterfaceOrientations = "UIInterfaceOrientationLandscapeLeft UIInterfaceOrientationLandscapeRight";
				INFOPLIST_KEY_UIUserInterfaceStyle = Light;
				IPHONEOS_DEPLOYMENT_TARGET = 15.0;
				LD_RUNPATH_SEARCH_PATHS = (
					"$(inherited)",
					"@executable_path/Frameworks",
				);
				MARKETING_VERSION = 1.0;
				PRODUCT_BUNDLE_IDENTIFIER = "tw.cathay.co.cathay-manager";
				PRODUCT_NAME = "$(TARGET_NAME)";
				SUPPORTED_PLATFORMS = "iphoneos iphonesimulator";
				SUPPORTS_MACCATALYST = NO;
				SUPPORTS_MAC_DESIGNED_FOR_IPHONE_IPAD = YES;
				SUPPORTS_XR_DESIGNED_FOR_IPHONE_IPAD = NO;
				SWIFT_EMIT_LOC_STRINGS = YES;
				SWIFT_VERSION = 5.0;
				TARGETED_DEVICE_FAMILY = 2;
			};
			name = Debug;
		};
		9D0F1E562B8CF232002B7F15 /* Release */ = {
			isa = XCBuildConfiguration;
			buildSettings = {
				ASSETCATALOG_COMPILER_APPICON_NAME = AppIcon;
				ASSETCATALOG_COMPILER_GLOBAL_ACCENT_COLOR_NAME = AccentColor;
				CODE_SIGN_STYLE = Automatic;
				CURRENT_PROJECT_VERSION = 1;
				DEVELOPMENT_ASSET_PATHS = "\"cathay_manager/Preview Content\"";
				DEVELOPMENT_TEAM = KU48Y2UB6V;
				ENABLE_PREVIEWS = YES;
				GENERATE_INFOPLIST_FILE = YES;
				INFOPLIST_KEY_UIApplicationSceneManifest_Generation = YES;
				INFOPLIST_KEY_UIApplicationSupportsIndirectInputEvents = YES;
				INFOPLIST_KEY_UILaunchScreen_Generation = YES;
				INFOPLIST_KEY_UISupportedInterfaceOrientations = "UIInterfaceOrientationLandscapeLeft UIInterfaceOrientationLandscapeRight";
				INFOPLIST_KEY_UIUserInterfaceStyle = Light;
				IPHONEOS_DEPLOYMENT_TARGET = 15.0;
				LD_RUNPATH_SEARCH_PATHS = (
					"$(inherited)",
					"@executable_path/Frameworks",
				);
				MARKETING_VERSION = 1.0;
				PRODUCT_BUNDLE_IDENTIFIER = "tw.cathay.co.cathay-manager";
				PRODUCT_NAME = "$(TARGET_NAME)";
				SUPPORTED_PLATFORMS = "iphoneos iphonesimulator";
				SUPPORTS_MACCATALYST = NO;
				SUPPORTS_MAC_DESIGNED_FOR_IPHONE_IPAD = YES;
				SUPPORTS_XR_DESIGNED_FOR_IPHONE_IPAD = NO;
				SWIFT_EMIT_LOC_STRINGS = YES;
				SWIFT_VERSION = 5.0;
				TARGETED_DEVICE_FAMILY = 2;
			};
			name = Release;
		};
		9D0F1E582B8CF232002B7F15 /* Debug */ = {
			isa = XCBuildConfiguration;
			buildSettings = {
				ALWAYS_EMBED_SWIFT_STANDARD_LIBRARIES = YES;
				BUNDLE_LOADER = "$(TEST_HOST)";
				CODE_SIGN_STYLE = Automatic;
				CURRENT_PROJECT_VERSION = 1;
				DEVELOPMENT_TEAM = KU48Y2UB6V;
				GENERATE_INFOPLIST_FILE = YES;
				IPHONEOS_DEPLOYMENT_TARGET = 17.2;
				MARKETING_VERSION = 1.0;
				PRODUCT_BUNDLE_IDENTIFIER = "tw.cathay.co.cathay-managerTests";
				PRODUCT_NAME = "$(TARGET_NAME)";
				SWIFT_EMIT_LOC_STRINGS = NO;
				SWIFT_VERSION = 5.0;
				TARGETED_DEVICE_FAMILY = "1,2";
				TEST_HOST = "$(BUILT_PRODUCTS_DIR)/cathay_manager.app/$(BUNDLE_EXECUTABLE_FOLDER_PATH)/cathay_manager";
			};
			name = Debug;
		};
		9D0F1E592B8CF232002B7F15 /* Release */ = {
			isa = XCBuildConfiguration;
			buildSettings = {
				ALWAYS_EMBED_SWIFT_STANDARD_LIBRARIES = YES;
				BUNDLE_LOADER = "$(TEST_HOST)";
				CODE_SIGN_STYLE = Automatic;
				CURRENT_PROJECT_VERSION = 1;
				DEVELOPMENT_TEAM = KU48Y2UB6V;
				GENERATE_INFOPLIST_FILE = YES;
				IPHONEOS_DEPLOYMENT_TARGET = 17.2;
				MARKETING_VERSION = 1.0;
				PRODUCT_BUNDLE_IDENTIFIER = "tw.cathay.co.cathay-managerTests";
				PRODUCT_NAME = "$(TARGET_NAME)";
				SWIFT_EMIT_LOC_STRINGS = NO;
				SWIFT_VERSION = 5.0;
				TARGETED_DEVICE_FAMILY = "1,2";
				TEST_HOST = "$(BUILT_PRODUCTS_DIR)/cathay_manager.app/$(BUNDLE_EXECUTABLE_FOLDER_PATH)/cathay_manager";
			};
			name = Release;
		};
		9D0F1E5B2B8CF232002B7F15 /* Debug */ = {
			isa = XCBuildConfiguration;
			buildSettings = {
				ALWAYS_EMBED_SWIFT_STANDARD_LIBRARIES = YES;
				CODE_SIGN_STYLE = Automatic;
				CURRENT_PROJECT_VERSION = 1;
				DEVELOPMENT_TEAM = KU48Y2UB6V;
				GENERATE_INFOPLIST_FILE = YES;
				MARKETING_VERSION = 1.0;
				PRODUCT_BUNDLE_IDENTIFIER = "tw.cathay.co.cathay-managerUITests";
				PRODUCT_NAME = "$(TARGET_NAME)";
				SWIFT_EMIT_LOC_STRINGS = NO;
				SWIFT_VERSION = 5.0;
				TARGETED_DEVICE_FAMILY = "1,2";
				TEST_TARGET_NAME = cathay_manager;
			};
			name = Debug;
		};
		9D0F1E5C2B8CF232002B7F15 /* Release */ = {
			isa = XCBuildConfiguration;
			buildSettings = {
				ALWAYS_EMBED_SWIFT_STANDARD_LIBRARIES = YES;
				CODE_SIGN_STYLE = Automatic;
				CURRENT_PROJECT_VERSION = 1;
				DEVELOPMENT_TEAM = KU48Y2UB6V;
				GENERATE_INFOPLIST_FILE = YES;
				MARKETING_VERSION = 1.0;
				PRODUCT_BUNDLE_IDENTIFIER = "tw.cathay.co.cathay-managerUITests";
				PRODUCT_NAME = "$(TARGET_NAME)";
				SWIFT_EMIT_LOC_STRINGS = NO;
				SWIFT_VERSION = 5.0;
				TARGETED_DEVICE_FAMILY = "1,2";
				TEST_TARGET_NAME = cathay_manager;
			};
			name = Release;
		};
/* End XCBuildConfiguration section */

/* Begin XCConfigurationList section */
		9D0F1E2B2B8CF230002B7F15 /* Build configuration list for PBXProject "cathay_manager" */ = {
			isa = XCConfigurationList;
			buildConfigurations = (
				9D0F1E522B8CF232002B7F15 /* Debug */,
				9D0F1E532B8CF232002B7F15 /* Release */,
			);
			defaultConfigurationIsVisible = 0;
			defaultConfigurationName = Release;
		};
		9D0F1E542B8CF232002B7F15 /* Build configuration list for PBXNativeTarget "cathay_manager" */ = {
			isa = XCConfigurationList;
			buildConfigurations = (
				9D0F1E552B8CF232002B7F15 /* Debug */,
				9D0F1E562B8CF232002B7F15 /* Release */,
			);
			defaultConfigurationIsVisible = 0;
			defaultConfigurationName = Release;
		};
		9D0F1E572B8CF232002B7F15 /* Build configuration list for PBXNativeTarget "cathay_managerTests" */ = {
			isa = XCConfigurationList;
			buildConfigurations = (
				9D0F1E582B8CF232002B7F15 /* Debug */,
				9D0F1E592B8CF232002B7F15 /* Release */,
			);
			defaultConfigurationIsVisible = 0;
			defaultConfigurationName = Release;
		};
		9D0F1E5A2B8CF232002B7F15 /* Build configuration list for PBXNativeTarget "cathay_managerUITests" */ = {
			isa = XCConfigurationList;
			buildConfigurations = (
				9D0F1E5B2B8CF232002B7F15 /* Debug */,
				9D0F1E5C2B8CF232002B7F15 /* Release */,
			);
			defaultConfigurationIsVisible = 0;
			defaultConfigurationName = Release;
		};
/* End XCConfigurationList section */

/* Begin XCRemoteSwiftPackageReference section */
		9D0F1E5F2B8DA5B8002B7F15 /* XCRemoteSwiftPackageReference "swift-composable-architecture" */ = {
			isa = XCRemoteSwiftPackageReference;
			repositoryURL = "https://github.com/pointfreeco/swift-composable-architecture";
			requirement = {
				kind = upToNextMajorVersion;
				minimumVersion = 1.8.2;
			};
		};
/* End XCRemoteSwiftPackageReference section */

/* Begin XCSwiftPackageProductDependency section */
		9D0F1E602B8DA5B8002B7F15 /* ComposableArchitecture */ = {
			isa = XCSwiftPackageProductDependency;
			package = 9D0F1E5F2B8DA5B8002B7F15 /* XCRemoteSwiftPackageReference "swift-composable-architecture" */;
			productName = ComposableArchitecture;
		};
/* End XCSwiftPackageProductDependency section */
	};
	rootObject = 9D0F1E282B8CF230002B7F15 /* Project object */;
}
